// !$*UTF8*$!
{
	archiveVersion = 1;
	classes = {
	};
	objectVersion = 52;
	objects = {

/* Begin PBXBuildFile section */
		924C92CC81B3E8CC3E192149 /* Pods_knowledgeSearch.framework in Frameworks */ = {isa = PBXBuildFile; fileRef = 740909F6D30A182478DE2E29 /* Pods_knowledgeSearch.framework */; };
		A224F9C926D762A800847AFF /* data.swift in Sources */ = {isa = PBXBuildFile; fileRef = A224F9C826D762A800847AFF /* data.swift */; };
		A23140A226D362200065EA6A /* communication.swift in Sources */ = {isa = PBXBuildFile; fileRef = A23140A126D362200065EA6A /* communication.swift */; };
		A25407B826CA0D98008739EB /* AppDelegate.swift in Sources */ = {isa = PBXBuildFile; fileRef = A25407B726CA0D98008739EB /* AppDelegate.swift */; };
		A25407BC26CA0D98008739EB /* mainView.swift in Sources */ = {isa = PBXBuildFile; fileRef = A25407BB26CA0D98008739EB /* mainView.swift */; };
		A25407BE26CA0D9B008739EB /* Assets.xcassets in Resources */ = {isa = PBXBuildFile; fileRef = A25407BD26CA0D9B008739EB /* Assets.xcassets */; };
		A25407C126CA0D9B008739EB /* Preview Assets.xcassets in Resources */ = {isa = PBXBuildFile; fileRef = A25407C026CA0D9B008739EB /* Preview Assets.xcassets */; };
		A25407C426CA0D9B008739EB /* LaunchScreen.storyboard in Resources */ = {isa = PBXBuildFile; fileRef = A25407C226CA0D9B008739EB /* LaunchScreen.storyboard */; };
		A25407CE26CA0DC8008739EB /* AWSDK.xcframework in Frameworks */ = {isa = PBXBuildFile; fileRef = A25407CD26CA0DC8008739EB /* AWSDK.xcframework */; };
		A25407CF26CA0DC8008739EB /* AWSDK.xcframework in Embed Frameworks */ = {isa = PBXBuildFile; fileRef = A25407CD26CA0DC8008739EB /* AWSDK.xcframework */; settings = {ATTRIBUTES = (CodeSignOnCopy, RemoveHeadersOnCopy, ); }; };
		A259844C26D7935100C82C96 /* DetailView.swift in Sources */ = {isa = PBXBuildFile; fileRef = A259844B26D7935100C82C96 /* DetailView.swift */; };
		A2862EF526FABAC000345940 /* facet.swift in Sources */ = {isa = PBXBuildFile; fileRef = A2862EF426FABAC000345940 /* facet.swift */; };
		A2895EC326F9A5110077D827 /* sort.swift in Sources */ = {isa = PBXBuildFile; fileRef = A2895EC226F9A5110077D827 /* sort.swift */; };
/* End PBXBuildFile section */

/* Begin PBXCopyFilesBuildPhase section */
		A25407D026CA0DC8008739EB /* Embed Frameworks */ = {
			isa = PBXCopyFilesBuildPhase;
			buildActionMask = 2147483647;
			dstPath = "";
			dstSubfolderSpec = 10;
			files = (
				A25407CF26CA0DC8008739EB /* AWSDK.xcframework in Embed Frameworks */,
			);
			name = "Embed Frameworks";
			runOnlyForDeploymentPostprocessing = 0;
		};
/* End PBXCopyFilesBuildPhase section */

/* Begin PBXFileReference section */
		07F6C6D25F1A21EFB1AFD069 /* Pods-knowledgeSearch.debug.xcconfig */ = {isa = PBXFileReference; includeInIndex = 1; lastKnownFileType = text.xcconfig; name = "Pods-knowledgeSearch.debug.xcconfig"; path = "Target Support Files/Pods-knowledgeSearch/Pods-knowledgeSearch.debug.xcconfig"; sourceTree = "<group>"; };
		6775A3EAE5021F3E60D61FBB /* Pods-knowledgeSearch.release.xcconfig */ = {isa = PBXFileReference; includeInIndex = 1; lastKnownFileType = text.xcconfig; name = "Pods-knowledgeSearch.release.xcconfig"; path = "Target Support Files/Pods-knowledgeSearch/Pods-knowledgeSearch.release.xcconfig"; sourceTree = "<group>"; };
		740909F6D30A182478DE2E29 /* Pods_knowledgeSearch.framework */ = {isa = PBXFileReference; explicitFileType = wrapper.framework; includeInIndex = 0; path = Pods_knowledgeSearch.framework; sourceTree = BUILT_PRODUCTS_DIR; };
		A224F9C826D762A800847AFF /* data.swift */ = {isa = PBXFileReference; lastKnownFileType = sourcecode.swift; path = data.swift; sourceTree = "<group>"; };
		A23140A126D362200065EA6A /* communication.swift */ = {isa = PBXFileReference; lastKnownFileType = sourcecode.swift; path = communication.swift; sourceTree = "<group>"; };
		A25407B426CA0D98008739EB /* knowledgeSearch.app */ = {isa = PBXFileReference; explicitFileType = wrapper.application; includeInIndex = 0; path = knowledgeSearch.app; sourceTree = BUILT_PRODUCTS_DIR; };
		A25407B726CA0D98008739EB /* AppDelegate.swift */ = {isa = PBXFileReference; lastKnownFileType = sourcecode.swift; path = AppDelegate.swift; sourceTree = "<group>"; };
		A25407BB26CA0D98008739EB /* mainView.swift */ = {isa = PBXFileReference; lastKnownFileType = sourcecode.swift; path = mainView.swift; sourceTree = "<group>"; };
		A25407BD26CA0D9B008739EB /* Assets.xcassets */ = {isa = PBXFileReference; lastKnownFileType = folder.assetcatalog; path = Assets.xcassets; sourceTree = "<group>"; };
		A25407C026CA0D9B008739EB /* Preview Assets.xcassets */ = {isa = PBXFileReference; lastKnownFileType = folder.assetcatalog; path = "Preview Assets.xcassets"; sourceTree = "<group>"; };
		A25407C326CA0D9B008739EB /* Base */ = {isa = PBXFileReference; lastKnownFileType = file.storyboard; name = Base; path = Base.lproj/LaunchScreen.storyboard; sourceTree = "<group>"; };
		A25407C526CA0D9B008739EB /* Info.plist */ = {isa = PBXFileReference; lastKnownFileType = text.plist.xml; path = Info.plist; sourceTree = "<group>"; };
		A25407CD26CA0DC8008739EB /* AWSDK.xcframework */ = {isa = PBXFileReference; lastKnownFileType = wrapper.xcframework; name = AWSDK.xcframework; path = ../../../Downloads/AWSDK.xcframework; sourceTree = "<group>"; };
		A259844B26D7935100C82C96 /* DetailView.swift */ = {isa = PBXFileReference; lastKnownFileType = sourcecode.swift; path = DetailView.swift; sourceTree = "<group>"; };
		A2862EF426FABAC000345940 /* facet.swift */ = {isa = PBXFileReference; lastKnownFileType = sourcecode.swift; path = facet.swift; sourceTree = "<group>"; };
		A2895EC226F9A5110077D827 /* sort.swift */ = {isa = PBXFileReference; lastKnownFileType = sourcecode.swift; path = sort.swift; sourceTree = "<group>"; };
/* End PBXFileReference section */

/* Begin PBXFrameworksBuildPhase section */
		A25407B126CA0D98008739EB /* Frameworks */ = {
			isa = PBXFrameworksBuildPhase;
			buildActionMask = 2147483647;
			files = (
				A25407CE26CA0DC8008739EB /* AWSDK.xcframework in Frameworks */,
				924C92CC81B3E8CC3E192149 /* Pods_knowledgeSearch.framework in Frameworks */,
			);
			runOnlyForDeploymentPostprocessing = 0;
		};
/* End PBXFrameworksBuildPhase section */

/* Begin PBXGroup section */
		90E83845F7622360F3955133 /* Pods */ = {
			isa = PBXGroup;
			children = (
				07F6C6D25F1A21EFB1AFD069 /* Pods-knowledgeSearch.debug.xcconfig */,
				6775A3EAE5021F3E60D61FBB /* Pods-knowledgeSearch.release.xcconfig */,
			);
			path = Pods;
			sourceTree = "<group>";
		};
		A25407AB26CA0D98008739EB = {
			isa = PBXGroup;
			children = (
				A25407B626CA0D98008739EB /* knowledgeSearch */,
				A25407B526CA0D98008739EB /* Products */,
				A25407CC26CA0DC8008739EB /* Frameworks */,
				90E83845F7622360F3955133 /* Pods */,
			);
			sourceTree = "<group>";
		};
		A25407B526CA0D98008739EB /* Products */ = {
			isa = PBXGroup;
			children = (
				A25407B426CA0D98008739EB /* knowledgeSearch.app */,
			);
			name = Products;
			sourceTree = "<group>";
		};
		A25407B626CA0D98008739EB /* knowledgeSearch */ = {
			isa = PBXGroup;
			children = (
				A25407B726CA0D98008739EB /* AppDelegate.swift */,
				A25407BB26CA0D98008739EB /* mainView.swift */,
				A259844B26D7935100C82C96 /* DetailView.swift */,
				A23140A126D362200065EA6A /* communication.swift */,
				A2895EC226F9A5110077D827 /* sort.swift */,
				A224F9C826D762A800847AFF /* data.swift */,
				A2862EF426FABAC000345940 /* facet.swift */,
				A25407BD26CA0D9B008739EB /* Assets.xcassets */,
				A25407C226CA0D9B008739EB /* LaunchScreen.storyboard */,
				A25407C526CA0D9B008739EB /* Info.plist */,
				A25407BF26CA0D9B008739EB /* Preview Content */,
			);
			path = knowledgeSearch;
			sourceTree = "<group>";
		};
		A25407BF26CA0D9B008739EB /* Preview Content */ = {
			isa = PBXGroup;
			children = (
				A25407C026CA0D9B008739EB /* Preview Assets.xcassets */,
			);
			path = "Preview Content";
			sourceTree = "<group>";
		};
		A25407CC26CA0DC8008739EB /* Frameworks */ = {
			isa = PBXGroup;
			children = (
				A25407CD26CA0DC8008739EB /* AWSDK.xcframework */,
				740909F6D30A182478DE2E29 /* Pods_knowledgeSearch.framework */,
			);
			name = Frameworks;
			sourceTree = "<group>";
		};
/* End PBXGroup section */

/* Begin PBXNativeTarget section */
		A25407B326CA0D98008739EB /* knowledgeSearch */ = {
			isa = PBXNativeTarget;
			buildConfigurationList = A25407C826CA0D9B008739EB /* Build configuration list for PBXNativeTarget "knowledgeSearch" */;
			buildPhases = (
				70C3B78AAD7759E40FCA3A01 /* [CP] Check Pods Manifest.lock */,
				A25407B026CA0D98008739EB /* Sources */,
				A25407B126CA0D98008739EB /* Frameworks */,
				A25407B226CA0D98008739EB /* Resources */,
				A25407D026CA0DC8008739EB /* Embed Frameworks */,
				6EA0B0B612DE9743F6175A15 /* [CP] Embed Pods Frameworks */,
			);
			buildRules = (
			);
			dependencies = (
			);
			name = knowledgeSearch;
			productName = knowledgeSearch;
			productReference = A25407B426CA0D98008739EB /* knowledgeSearch.app */;
			productType = "com.apple.product-type.application";
		};
/* End PBXNativeTarget section */

/* Begin PBXProject section */
		A25407AC26CA0D98008739EB /* Project object */ = {
			isa = PBXProject;
			attributes = {
				LastSwiftUpdateCheck = 1230;
				LastUpgradeCheck = 1230;
				TargetAttributes = {
					A25407B326CA0D98008739EB = {
						CreatedOnToolsVersion = 12.3;
					};
				};
			};
			buildConfigurationList = A25407AF26CA0D98008739EB /* Build configuration list for PBXProject "knowledgeSearch" */;
			compatibilityVersion = "Xcode 9.3";
			developmentRegion = en;
			hasScannedForEncodings = 0;
			knownRegions = (
				en,
				Base,
			);
			mainGroup = A25407AB26CA0D98008739EB;
			productRefGroup = A25407B526CA0D98008739EB /* Products */;
			projectDirPath = "";
			projectRoot = "";
			targets = (
				A25407B326CA0D98008739EB /* knowledgeSearch */,
			);
		};
/* End PBXProject section */

/* Begin PBXResourcesBuildPhase section */
		A25407B226CA0D98008739EB /* Resources */ = {
			isa = PBXResourcesBuildPhase;
			buildActionMask = 2147483647;
			files = (
				A25407C426CA0D9B008739EB /* LaunchScreen.storyboard in Resources */,
				A25407C126CA0D9B008739EB /* Preview Assets.xcassets in Resources */,
				A25407BE26CA0D9B008739EB /* Assets.xcassets in Resources */,
			);
			runOnlyForDeploymentPostprocessing = 0;
		};
/* End PBXResourcesBuildPhase section */

/* Begin PBXShellScriptBuildPhase section */
		6EA0B0B612DE9743F6175A15 /* [CP] Embed Pods Frameworks */ = {
			isa = PBXShellScriptBuildPhase;
			buildActionMask = 2147483647;
			files = (
			);
			inputFileListPaths = (
				"${PODS_ROOT}/Target Support Files/Pods-knowledgeSearch/Pods-knowledgeSearch-frameworks-${CONFIGURATION}-input-files.xcfilelist",
			);
			name = "[CP] Embed Pods Frameworks";
			outputFileListPaths = (
				"${PODS_ROOT}/Target Support Files/Pods-knowledgeSearch/Pods-knowledgeSearch-frameworks-${CONFIGURATION}-output-files.xcfilelist",
			);
			runOnlyForDeploymentPostprocessing = 0;
			shellPath = /bin/sh;
			shellScript = "\"${PODS_ROOT}/Target Support Files/Pods-knowledgeSearch/Pods-knowledgeSearch-frameworks.sh\"\n";
			showEnvVarsInLog = 0;
		};
		70C3B78AAD7759E40FCA3A01 /* [CP] Check Pods Manifest.lock */ = {
			isa = PBXShellScriptBuildPhase;
			buildActionMask = 2147483647;
			files = (
			);
			inputFileListPaths = (
			);
			inputPaths = (
				"${PODS_PODFILE_DIR_PATH}/Podfile.lock",
				"${PODS_ROOT}/Manifest.lock",
			);
			name = "[CP] Check Pods Manifest.lock";
			outputFileListPaths = (
			);
			outputPaths = (
				"$(DERIVED_FILE_DIR)/Pods-knowledgeSearch-checkManifestLockResult.txt",
			);
			runOnlyForDeploymentPostprocessing = 0;
			shellPath = /bin/sh;
			shellScript = "diff \"${PODS_PODFILE_DIR_PATH}/Podfile.lock\" \"${PODS_ROOT}/Manifest.lock\" > /dev/null\nif [ $? != 0 ] ; then\n    # print error to STDERR\n    echo \"error: The sandbox is not in sync with the Podfile.lock. Run 'pod install' or update your CocoaPods installation.\" >&2\n    exit 1\nfi\n# This output is used by Xcode 'outputs' to avoid re-running this script phase.\necho \"SUCCESS\" > \"${SCRIPT_OUTPUT_FILE_0}\"\n";
			showEnvVarsInLog = 0;
		};
/* End PBXShellScriptBuildPhase section */

/* Begin PBXSourcesBuildPhase section */
		A25407B026CA0D98008739EB /* Sources */ = {
			isa = PBXSourcesBuildPhase;
			buildActionMask = 2147483647;
			files = (
				A23140A226D362200065EA6A /* communication.swift in Sources */,
				A259844C26D7935100C82C96 /* DetailView.swift in Sources */,
				A2862EF526FABAC000345940 /* facet.swift in Sources */,
				A2895EC326F9A5110077D827 /* sort.swift in Sources */,
				A25407B826CA0D98008739EB /* AppDelegate.swift in Sources */,
				A224F9C926D762A800847AFF /* data.swift in Sources */,
				A25407BC26CA0D98008739EB /* mainView.swift in Sources */,
			);
			runOnlyForDeploymentPostprocessing = 0;
		};
/* End PBXSourcesBuildPhase section */

/* Begin PBXVariantGroup section */
		A25407C226CA0D9B008739EB /* LaunchScreen.storyboard */ = {
			isa = PBXVariantGroup;
			children = (
				A25407C326CA0D9B008739EB /* Base */,
			);
			name = LaunchScreen.storyboard;
			sourceTree = "<group>";
		};
/* End PBXVariantGroup section */

/* Begin XCBuildConfiguration section */
		A25407C626CA0D9B008739EB /* Debug */ = {
			isa = XCBuildConfiguration;
			buildSettings = {
				ALWAYS_SEARCH_USER_PATHS = NO;
				CLANG_ANALYZER_NONNULL = YES;
				CLANG_ANALYZER_NUMBER_OBJECT_CONVERSION = YES_AGGRESSIVE;
				CLANG_CXX_LANGUAGE_STANDARD = "gnu++14";
				CLANG_CXX_LIBRARY = "libc++";
				CLANG_ENABLE_MODULES = YES;
				CLANG_ENABLE_OBJC_ARC = YES;
				CLANG_ENABLE_OBJC_WEAK = YES;
				CLANG_WARN_BLOCK_CAPTURE_AUTORELEASING = YES;
				CLANG_WARN_BOOL_CONVERSION = YES;
				CLANG_WARN_COMMA = YES;
				CLANG_WARN_CONSTANT_CONVERSION = YES;
				CLANG_WARN_DEPRECATED_OBJC_IMPLEMENTATIONS = YES;
				CLANG_WARN_DIRECT_OBJC_ISA_USAGE = YES_ERROR;
				CLANG_WARN_DOCUMENTATION_COMMENTS = YES;
				CLANG_WARN_EMPTY_BODY = YES;
				CLANG_WARN_ENUM_CONVERSION = YES;
				CLANG_WARN_INFINITE_RECURSION = YES;
				CLANG_WARN_INT_CONVERSION = YES;
				CLANG_WARN_NON_LITERAL_NULL_CONVERSION = YES;
				CLANG_WARN_OBJC_IMPLICIT_RETAIN_SELF = YES;
				CLANG_WARN_OBJC_LITERAL_CONVERSION = YES;
				CLANG_WARN_OBJC_ROOT_CLASS = YES_ERROR;
				CLANG_WARN_QUOTED_INCLUDE_IN_FRAMEWORK_HEADER = YES;
				CLANG_WARN_RANGE_LOOP_ANALYSIS = YES;
				CLANG_WARN_STRICT_PROTOTYPES = YES;
				CLANG_WARN_SUSPICIOUS_MOVE = YES;
				CLANG_WARN_UNGUARDED_AVAILABILITY = YES_AGGRESSIVE;
				CLANG_WARN_UNREACHABLE_CODE = YES;
				CLANG_WARN__DUPLICATE_METHOD_MATCH = YES;
				COPY_PHASE_STRIP = NO;
				DEBUG_INFORMATION_FORMAT = dwarf;
				ENABLE_STRICT_OBJC_MSGSEND = YES;
				ENABLE_TESTABILITY = YES;
				GCC_C_LANGUAGE_STANDARD = gnu11;
				GCC_DYNAMIC_NO_PIC = NO;
				GCC_NO_COMMON_BLOCKS = YES;
				GCC_OPTIMIZATION_LEVEL = 0;
				GCC_PREPROCESSOR_DEFINITIONS = (
					"DEBUG=1",
					"$(inherited)",
				);
				GCC_WARN_64_TO_32_BIT_CONVERSION = YES;
				GCC_WARN_ABOUT_RETURN_TYPE = YES_ERROR;
				GCC_WARN_UNDECLARED_SELECTOR = YES;
				GCC_WARN_UNINITIALIZED_AUTOS = YES_AGGRESSIVE;
				GCC_WARN_UNUSED_FUNCTION = YES;
				GCC_WARN_UNUSED_VARIABLE = YES;
				IPHONEOS_DEPLOYMENT_TARGET = 14.0;
				MTL_ENABLE_DEBUG_INFO = INCLUDE_SOURCE;
				MTL_FAST_MATH = YES;
				ONLY_ACTIVE_ARCH = YES;
				SDKROOT = iphoneos;
				SWIFT_ACTIVE_COMPILATION_CONDITIONS = DEBUG;
				SWIFT_OPTIMIZATION_LEVEL = "-Onone";
			};
			name = Debug;
		};
		A25407C726CA0D9B008739EB /* Release */ = {
			isa = XCBuildConfiguration;
			buildSettings = {
				ALWAYS_SEARCH_USER_PATHS = NO;
				CLANG_ANALYZER_NONNULL = YES;
				CLANG_ANALYZER_NUMBER_OBJECT_CONVERSION = YES_AGGRESSIVE;
				CLANG_CXX_LANGUAGE_STANDARD = "gnu++14";
				CLANG_CXX_LIBRARY = "libc++";
				CLANG_ENABLE_MODULES = YES;
				CLANG_ENABLE_OBJC_ARC = YES;
				CLANG_ENABLE_OBJC_WEAK = YES;
				CLANG_WARN_BLOCK_CAPTURE_AUTORELEASING = YES;
				CLANG_WARN_BOOL_CONVERSION = YES;
				CLANG_WARN_COMMA = YES;
				CLANG_WARN_CONSTANT_CONVERSION = YES;
				CLANG_WARN_DEPRECATED_OBJC_IMPLEMENTATIONS = YES;
				CLANG_WARN_DIRECT_OBJC_ISA_USAGE = YES_ERROR;
				CLANG_WARN_DOCUMENTATION_COMMENTS = YES;
				CLANG_WARN_EMPTY_BODY = YES;
				CLANG_WARN_ENUM_CONVERSION = YES;
				CLANG_WARN_INFINITE_RECURSION = YES;
				CLANG_WARN_INT_CONVERSION = YES;
				CLANG_WARN_NON_LITERAL_NULL_CONVERSION = YES;
				CLANG_WARN_OBJC_IMPLICIT_RETAIN_SELF = YES;
				CLANG_WARN_OBJC_LITERAL_CONVERSION = YES;
				CLANG_WARN_OBJC_ROOT_CLASS = YES_ERROR;
				CLANG_WARN_QUOTED_INCLUDE_IN_FRAMEWORK_HEADER = YES;
				CLANG_WARN_RANGE_LOOP_ANALYSIS = YES;
				CLANG_WARN_STRICT_PROTOTYPES = YES;
				CLANG_WARN_SUSPICIOUS_MOVE = YES;
				CLANG_WARN_UNGUARDED_AVAILABILITY = YES_AGGRESSIVE;
				CLANG_WARN_UNREACHABLE_CODE = YES;
				CLANG_WARN__DUPLICATE_METHOD_MATCH = YES;
				COPY_PHASE_STRIP = NO;
				DEBUG_INFORMATION_FORMAT = "dwarf-with-dsym";
				ENABLE_NS_ASSERTIONS = NO;
				ENABLE_STRICT_OBJC_MSGSEND = YES;
				GCC_C_LANGUAGE_STANDARD = gnu11;
				GCC_NO_COMMON_BLOCKS = YES;
				GCC_WARN_64_TO_32_BIT_CONVERSION = YES;
				GCC_WARN_ABOUT_RETURN_TYPE = YES_ERROR;
				GCC_WARN_UNDECLARED_SELECTOR = YES;
				GCC_WARN_UNINITIALIZED_AUTOS = YES_AGGRESSIVE;
				GCC_WARN_UNUSED_FUNCTION = YES;
				GCC_WARN_UNUSED_VARIABLE = YES;
				IPHONEOS_DEPLOYMENT_TARGET = 14.0;
				MTL_ENABLE_DEBUG_INFO = NO;
				MTL_FAST_MATH = YES;
				SDKROOT = iphoneos;
				SWIFT_COMPILATION_MODE = wholemodule;
				SWIFT_OPTIMIZATION_LEVEL = "-O";
				VALIDATE_PRODUCT = YES;
			};
			name = Release;
		};
		A25407C926CA0D9B008739EB /* Debug */ = {
			isa = XCBuildConfiguration;
			baseConfigurationReference = 07F6C6D25F1A21EFB1AFD069 /* Pods-knowledgeSearch.debug.xcconfig */;
			buildSettings = {
				ASSETCATALOG_COMPILER_APPICON_NAME = AppIcon;
				ASSETCATALOG_COMPILER_GLOBAL_ACCENT_COLOR_NAME = AccentColor;
				CODE_SIGN_IDENTITY = "Apple Development";
				CODE_SIGN_STYLE = Automatic;
				DEVELOPMENT_ASSET_PATHS = "\"knowledgeSearch/Preview Content\"";
				DEVELOPMENT_TEAM = MHAGM665WL;
				ENABLE_PREVIEWS = YES;
				INFOPLIST_FILE = knowledgeSearch/Info.plist;
				LD_RUNPATH_SEARCH_PATHS = (
					"$(inherited)",
					"@executable_path/Frameworks",
				);
				MARKETING_VERSION = 1.0.1;
				PRODUCT_BUNDLE_IDENTIFIER = jp.knowledgeSearch;
				PRODUCT_NAME = "$(TARGET_NAME)";
				PROVISIONING_PROFILE_SPECIFIER = "";
				SWIFT_VERSION = 5.0;
				TARGETED_DEVICE_FAMILY = "1,2";
			};
			name = Debug;
		};
		A25407CA26CA0D9B008739EB /* Release */ = {
			isa = XCBuildConfiguration;
			baseConfigurationReference = 6775A3EAE5021F3E60D61FBB /* Pods-knowledgeSearch.release.xcconfig */;
			buildSettings = {
				ASSETCATALOG_COMPILER_APPICON_NAME = AppIcon;
				ASSETCATALOG_COMPILER_GLOBAL_ACCENT_COLOR_NAME = AccentColor;
				CODE_SIGN_IDENTITY = "Apple Development";
				CODE_SIGN_STYLE = Automatic;
				DEVELOPMENT_ASSET_PATHS = "\"knowledgeSearch/Preview Content\"";
				DEVELOPMENT_TEAM = MHAGM665WL;
				ENABLE_PREVIEWS = YES;
				INFOPLIST_FILE = knowledgeSearch/Info.plist;
				LD_RUNPATH_SEARCH_PATHS = (
					"$(inherited)",
					"@executable_path/Frameworks",
				);
				MARKETING_VERSION = 1.0.1;
				PRODUCT_BUNDLE_IDENTIFIER = jp.knowledgeSearch;
				PRODUCT_NAME = "$(TARGET_NAME)";
				PROVISIONING_PROFILE_SPECIFIER = "";
				SWIFT_VERSION = 5.0;
				TARGETED_DEVICE_FAMILY = "1,2";
			};
			name = Release;
		};
/* End XCBuildConfiguration section */

/* Begin XCConfigurationList section */
		A25407AF26CA0D98008739EB /* Build configuration list for PBXProject "knowledgeSearch" */ = {
			isa = XCConfigurationList;
			buildConfigurations = (
				A25407C626CA0D9B008739EB /* Debug */,
				A25407C726CA0D9B008739EB /* Release */,
			);
			defaultConfigurationIsVisible = 0;
			defaultConfigurationName = Release;
		};
		A25407C826CA0D9B008739EB /* Build configuration list for PBXNativeTarget "knowledgeSearch" */ = {
			isa = XCConfigurationList;
			buildConfigurations = (
				A25407C926CA0D9B008739EB /* Debug */,
				A25407CA26CA0D9B008739EB /* Release */,
			);
			defaultConfigurationIsVisible = 0;
			defaultConfigurationName = Release;
		};
/* End XCConfigurationList section */
	};
	rootObject = A25407AC26CA0D98008739EB /* Project object */;
}
